
Microsoft Visual Studio Solution File, Format Version 12.00
# Visual Studio Version 16
VisualStudioVersion = 16.0.32413.511
MinimumVisualStudioVersion = 10.0.40219.1
Project("{FAE04EC0-301F-11D3-BF4B-00C04F79EFBC}") = "SrezApp.Android", "SrezApp\SrezApp.Android\SrezApp.Android.csproj", "{342991E4-0096-4283-9DC2-571C9FC3DBF1}"
EndProject
Project("{FAE04EC0-301F-11D3-BF4B-00C04F79EFBC}") = "SrezApp", "SrezApp\SrezApp\SrezApp.csproj", "{B132DED7-9CDD-435F-8A8F-CA9474047D4E}"
EndProject
Global
	GlobalSection(SolutionConfigurationPlatforms) = preSolution
		Debug|Any CPU = Debug|Any CPU
		Release|Any CPU = Release|Any CPU
	EndGlobalSection
	GlobalSection(ProjectConfigurationPlatforms) = postSolution
		{342991E4-0096-4283-9DC2-571C9FC3DBF1}.Debug|Any CPU.ActiveCfg = Debug|Any CPU
		{342991E4-0096-4283-9DC2-571C9FC3DBF1}.Debug|Any CPU.Build.0 = Debug|Any CPU
		{342991E4-0096-4283-9DC2-571C9FC3DBF1}.Debug|Any CPU.Deploy.0 = Debug|Any CPU
		{342991E4-0096-4283-9DC2-571C9FC3DBF1}.Release|Any CPU.ActiveCfg = Release|Any CPU
		{342991E4-0096-4283-9DC2-571C9FC3DBF1}.Release|Any CPU.Build.0 = Release|Any CPU
		{342991E4-0096-4283-9DC2-571C9FC3DBF1}.Release|Any CPU.Deploy.0 = Release|Any CPU
		{B132DED7-9CDD-435F-8A8F-CA9474047D4E}.Debug|Any CPU.ActiveCfg = Debug|Any CPU
		{B132DED7-9CDD-435F-8A8F-CA9474047D4E}.Debug|Any CPU.Build.0 = Debug|Any CPU
		{B132DED7-9CDD-435F-8A8F-CA9474047D4E}.Debug|Any CPU.Deploy.0 = Debug|Any CPU
		{B132DED7-9CDD-435F-8A8F-CA9474047D4E}.Release|Any CPU.ActiveCfg = Release|Any CPU
		{B132DED7-9CDD-435F-8A8F-CA9474047D4E}.Release|Any CPU.Build.0 = Release|Any CPU
		{B132DED7-9CDD-435F-8A8F-CA9474047D4E}.Release|Any CPU.Deploy.0 = Release|Any CPU
	EndGlobalSection
	GlobalSection(SolutionProperties) = preSolution
		HideSolutionNode = FALSE
	EndGlobalSection
	GlobalSection(ExtensibilityGlobals) = postSolution
		SolutionGuid = {B5DF698E-FC3C-4BE2-9727-CD63FF2C2C17}
	EndGlobalSection
EndGlobal
